{
  "name": "matrix-operations-nodejs",
  "version": "1.0.0",
  "lockfileVersion": 2,
  "requires": true,
  "packages": {
    "": {
      "name": "matrix-operations-nodejs",
      "version": "1.0.0",
      "license": "ISC",
      "dependencies": {
        "@mathematics/fraction": "^1.0.0-beta.4"
      }
    },
    "node_modules/@mathematics/fraction": {
      "version": "1.0.0-beta.4",
      "resolved": "https://registry.npmjs.org/@mathematics/fraction/-/fraction-1.0.0-beta.4.tgz",
      "integrity": "sha512-8LVf0mKVyu+iZrWDvvGKlDPjzqsk2IX1wsyU7DnLkkFyox2IuMPZ8z2a+L/t8YBoXOqt1SibLw6MaSW6sMhiFQ=="
    }
  },
  "dependencies": {
    "@mathematics/fraction": {
      "version": "1.0.0-beta.4",
      "resolved": "https://registry.npmjs.org/@mathematics/fraction/-/fraction-1.0.0-beta.4.tgz",
      "integrity": "sha512-8LVf0mKVyu+iZrWDvvGKlDPjzqsk2IX1wsyU7DnLkkFyox2IuMPZ8z2a+L/t8YBoXOqt1SibLw6MaSW6sMhiFQ=="
    }
  }
}
